lockfileVersion: '9.0'

settings:
  autoInstallPeers: true
  excludeLinksFromLockfile: false

importers:

  .:
    dependencies:
      '@types/node':
        specifier: ^24.13.3
        version: 24.13.3
      taglib-wasm:
        specifier: ^1.6.1
        version: 1.6.1

packages:

  '@msgpack/msgpack@3.1.3':
    resolution: {integrity: sha512-47XIizs9XZXvuJgoaJUIE2lFoID8ugvc0jzSHP+Ptfk8nTbnR8g788wv48N03Kx0UkAv559HWRQ3yzOgzlRNUA==}
    engines: {node: '>= 18'}

  '@types/node@24.13.3':
    resolution: {integrity: sha512-Dh8vAsV36ig5wa9OX4pXvMc9D3Veibfw2wix0CUwYODLD8nkj9UsLjASr49nPg+2eKzxhBV+v7L8pXvT4e639Q==}

  taglib-wasm@1.6.1:
    resolution: {integrity: sha512-KSb+AxT1ynzM6ECR373mzO6Heji6EW8O/LOBgCqtvSVSy9ghI/mDmBd9KjQ3QtITqXm/1lkJvOvpZCzLYW6Yag==}
    engines: {node: '>=24.0.0'}
    peerDependencies:
      typescript: '>=4.5.0'
    peerDependenciesMeta:
      typescript:
        optional: true

  undici-types@7.18.2:
    resolution: {integrity: sha512-AsuCzffGHJybSaRrmr5eHr81mwJU3kjw6M+uprWvCXiNeN9SOGwQ3Jn8jb8m3Z6izVgknn1R0FTCEAP2QrLY/w==}

snapshots:

  '@msgpack/msgpack@3.1.3': {}

  '@types/node@24.13.3':
    dependencies:
      undici-types: 7.18.2

  taglib-wasm@1.6.1:
    dependencies:
      '@msgpack/msgpack': 3.1.3

  undici-types@7.18.2: {}
